// !$*UTF8*$!
{
	archiveVersion = 1;
	classes = {
	};
	objectVersion = 46;
	objects = {

/* Begin PBXBuildFile section */
		B7D347471CC9C80600612650 /* main.m in Sources */ = {isa = PBXBuildFile; fileRef = B7D347461CC9C80600612650 /* main.m */; };
		B7D3474A1CC9C80600612650 /* AppDelegate.m in Sources */ = {isa = PBXBuildFile; fileRef = B7D347491CC9C80600612650 /* AppDelegate.m */; };
		B7D347551CC9C80600612650 /* LaunchScreen.storyboard in Resources */ = {isa = PBXBuildFile; fileRef = B7D347531CC9C80600612650 /* LaunchScreen.storyboard */; };
		B7D3476B1CC9C8B500612650 /* TableViewController.m in Sources */ = {isa = PBXBuildFile; fileRef = B7D3475E1CC9C8B500612650 /* TableViewController.m */; };
		B7D3476C1CC9C8B500612650 /* News.m in Sources */ = {isa = PBXBuildFile; fileRef = B7D347611CC9C8B500612650 /* News.m */; };
		B7D3476D1CC9C8B500612650 /* FooterView.m in Sources */ = {isa = PBXBuildFile; fileRef = B7D347651CC9C8B500612650 /* FooterView.m */; };
		B7D3476E1CC9C8B500612650 /* FooterView.xib in Resources */ = {isa = PBXBuildFile; fileRef = B7D347661CC9C8B500612650 /* FooterView.xib */; };
		B7D3476F1CC9C8B500612650 /* Header.xib in Resources */ = {isa = PBXBuildFile; fileRef = B7D347671CC9C8B500612650 /* Header.xib */; };
		B7D347701CC9C8B500612650 /* NewsCell.m in Sources */ = {isa = PBXBuildFile; fileRef = B7D347691CC9C8B500612650 /* NewsCell.m */; };
		B7D347711CC9C8B500612650 /* NewsCell.xib in Resources */ = {isa = PBXBuildFile; fileRef = B7D3476A1CC9C8B500612650 /* NewsCell.xib */; };
		B7D347731CC9C93500612650 /* Assets.xcassets in Resources */ = {isa = PBXBuildFile; fileRef = B7D347721CC9C93500612650 /* Assets.xcassets */; };
		B7D347751CC9C99400612650 /* news.plist in Resources */ = {isa = PBXBuildFile; fileRef = B7D347741CC9C99400612650 /* news.plist */; };
/* End PBXBuildFile section */

/* Begin PBXFileReference section */
		B7D347421CC9C80600612650 /* 自定义cell和FooterView.app */ = {isa = PBXFileReference; explicitFileType = wrapper.application; includeInIndex = 0; path = "自定义cell和FooterView.app"; sourceTree = BUILT_PRODUCTS_DIR; };
		B7D347461CC9C80600612650 /* main.m */ = {isa = PBXFileReference; lastKnownFileType = sourcecode.c.objc; path = main.m; sourceTree = "<group>"; };
		B7D347481CC9C80600612650 /* AppDelegate.h */ = {isa = PBXFileReference; lastKnownFileType = sourcecode.c.h; path = AppDelegate.h; sourceTree = "<group>"; };
		B7D347491CC9C80600612650 /* AppDelegate.m */ = {isa = PBXFileReference; lastKnownFileType = sourcecode.c.objc; path = AppDelegate.m; sourceTree = "<group>"; };
		B7D347541CC9C80600612650 /* Base */ = {isa = PBXFileReference; lastKnownFileType = file.storyboard; name = Base; path = Base.lproj/LaunchScreen.storyboard; sourceTree = "<group>"; };
		B7D347561CC9C80600612650 /* Info.plist */ = {isa = PBXFileReference; lastKnownFileType = text.plist.xml; path = Info.plist; sourceTree = "<group>"; };
		B7D3475D1CC9C8B500612650 /* TableViewController.h */ = {isa = PBXFileReference; fileEncoding = 4; lastKnownFileType = sourcecode.c.h; path = TableViewController.h; sourceTree = "<group>"; };
		B7D3475E1CC9C8B500612650 /* TableViewController.m */ = {isa = PBXFileReference; fileEncoding = 4; lastKnownFileType = sourcecode.c.objc; path = TableViewController.m; sourceTree = "<group>"; };
		B7D347601CC9C8B500612650 /* News.h */ = {isa = PBXFileReference; fileEncoding = 4; lastKnownFileType = sourcecode.c.h; path = News.h; sourceTree = "<group>"; };
		B7D347611CC9C8B500612650 /* News.m */ = {isa = PBXFileReference; fileEncoding = 4; lastKnownFileType = sourcecode.c.objc; path = News.m; sourceTree = "<group>"; };
		B7D347641CC9C8B500612650 /* FooterView.h */ = {isa = PBXFileReference; fileEncoding = 4; lastKnownFileType = sourcecode.c.h; path = FooterView.h; sourceTree = "<group>"; };
		B7D347651CC9C8B500612650 /* FooterView.m */ = {isa = PBXFileReference; fileEncoding = 4; lastKnownFileType = sourcecode.c.objc; path = FooterView.m; sourceTree = "<group>"; };
		B7D347661CC9C8B500612650 /* FooterView.xib */ = {isa = PBXFileReference; fileEncoding = 4; lastKnownFileType = file.xib; path = FooterView.xib; sourceTree = "<group>"; };
		B7D347671CC9C8B500612650 /* Header.xib */ = {isa = PBXFileReference; fileEncoding = 4; lastKnownFileType = file.xib; path = Header.xib; sourceTree = "<group>"; };
		B7D347681CC9C8B500612650 /* NewsCell.h */ = {isa = PBXFileReference; fileEncoding = 4; lastKnownFileType = sourcecode.c.h; path = NewsCell.h; sourceTree = "<group>"; };
		B7D347691CC9C8B500612650 /* NewsCell.m */ = {isa = PBXFileReference; fileEncoding = 4; lastKnownFileType = sourcecode.c.objc; path = NewsCell.m; sourceTree = "<group>"; };
		B7D3476A1CC9C8B500612650 /* NewsCell.xib */ = {isa = PBXFileReference; fileEncoding = 4; lastKnownFileType = file.xib; path = NewsCell.xib; sourceTree = "<group>"; };
		B7D347721CC9C93500612650 /* Assets.xcassets */ = {isa = PBXFileReference; lastKnownFileType = folder.assetcatalog; path = Assets.xcassets; sourceTree = "<group>"; };
		B7D347741CC9C99400612650 /* news.plist */ = {isa = PBXFileReference; fileEncoding = 4; lastKnownFileType = text.plist.xml; path = news.plist; sourceTree = "<group>"; };
/* End PBXFileReference section */

/* Begin PBXFrameworksBuildPhase section */
		B7D3473F1CC9C80600612650 /* Frameworks */ = {
			isa = PBXFrameworksBuildPhase;
			buildActionMask = 2147483647;
			files = (
			);
			runOnlyForDeploymentPostprocessing = 0;
		};
/* End PBXFrameworksBuildPhase section */

/* Begin PBXGroup section */
		B7D347391CC9C80600612650 = {
			isa = PBXGroup;
			children = (
				B7D347441CC9C80600612650 /* 自定义cell和FooterView */,
				B7D347431CC9C80600612650 /* Products */,
			);
			sourceTree = "<group>";
		};
		B7D347431CC9C80600612650 /* Products */ = {
			isa = PBXGroup;
			children = (
				B7D347421CC9C80600612650 /* 自定义cell和FooterView.app */,
			);
			name = Products;
			sourceTree = "<group>";
		};
		B7D347441CC9C80600612650 /* 自定义cell和FooterView */ = {
			isa = PBXGroup;
			children = (
				B7D347481CC9C80600612650 /* AppDelegate.h */,
				B7D347491CC9C80600612650 /* AppDelegate.m */,
				B7D3475C1CC9C8B500612650 /* C */,
				B7D3475F1CC9C8B500612650 /* M */,
				B7D347621CC9C8B500612650 /* Resource */,
				B7D347631CC9C8B500612650 /* V */,
				B7D347451CC9C80600612650 /* Supporting Files */,
			);
			path = "自定义cell和FooterView";
			sourceTree = "<group>";
		};
		B7D347451CC9C80600612650 /* Supporting Files */ = {
			isa = PBXGroup;
			children = (
				B7D347561CC9C80600612650 /* Info.plist */,
				B7D347461CC9C80600612650 /* main.m */,
			);
			name = "Supporting Files";
			sourceTree = "<group>";
		};
		B7D3475C1CC9C8B500612650 /* C */ = {
			isa = PBXGroup;
			children = (
				B7D3475D1CC9C8B500612650 /* TableViewController.h */,
				B7D3475E1CC9C8B500612650 /* TableViewController.m */,
			);
			path = C;
			sourceTree = "<group>";
		};
		B7D3475F1CC9C8B500612650 /* M */ = {
			isa = PBXGroup;
			children = (
				B7D347741CC9C99400612650 /* news.plist */,
				B7D347601CC9C8B500612650 /* News.h */,
				B7D347611CC9C8B500612650 /* News.m */,
			);
			path = M;
			sourceTree = "<group>";
		};
		B7D347621CC9C8B500612650 /* Resource */ = {
			isa = PBXGroup;
			children = (
				B7D347721CC9C93500612650 /* Assets.xcassets */,
				B7D347531CC9C80600612650 /* LaunchScreen.storyboard */,
			);
			path = Resource;
			sourceTree = "<group>";
		};
		B7D347631CC9C8B500612650 /* V */ = {
			isa = PBXGroup;
			children = (
				B7D347641CC9C8B500612650 /* FooterView.h */,
				B7D347651CC9C8B500612650 /* FooterView.m */,
				B7D347661CC9C8B500612650 /* FooterView.xib */,
				B7D347671CC9C8B500612650 /* Header.xib */,
				B7D347681CC9C8B500612650 /* NewsCell.h */,
				B7D347691CC9C8B500612650 /* NewsCell.m */,
				B7D3476A1CC9C8B500612650 /* NewsCell.xib */,
			);
			path = V;
			sourceTree = "<group>";
		};
/* End PBXGroup section */

/* Begin PBXNativeTarget section */
		B7D347411CC9C80600612650 /* 自定义cell和FooterView */ = {
			isa = PBXNativeTarget;
			buildConfigurationList = B7D347591CC9C80600612650 /* Build configuration list for PBXNativeTarget "自定义cell和FooterView" */;
			buildPhases = (
				B7D3473E1CC9C80600612650 /* Sources */,
				B7D3473F1CC9C80600612650 /* Frameworks */,
				B7D347401CC9C80600612650 /* Resources */,
			);
			buildRules = (
			);
			dependencies = (
			);
			name = "自定义cell和FooterView";
			productName = "自定义cell和FooterView";
			productReference = B7D347421CC9C80600612650 /* 自定义cell和FooterView.app */;
			productType = "com.apple.product-type.application";
		};
/* End PBXNativeTarget section */

/* Begin PBXProject section */
		B7D3473A1CC9C80600612650 /* Project object */ = {
			isa = PBXProject;
			attributes = {
				LastUpgradeCheck = 0730;
				ORGANIZATIONNAME = Qinting;
				TargetAttributes = {
					B7D347411CC9C80600612650 = {
						CreatedOnToolsVersion = 7.3;
						DevelopmentTeam = CW23JJ23BD;
					};
				};
			};
			buildConfigurationList = B7D3473D1CC9C80600612650 /* Build configuration list for PBXProject "自定义cell和FooterView" */;
			compatibilityVersion = "Xcode 3.2";
			developmentRegion = English;
			hasScannedForEncodings = 0;
			knownRegions = (
				en,
				Base,
			);
			mainGroup = B7D347391CC9C80600612650;
			productRefGroup = B7D347431CC9C80600612650 /* Products */;
			projectDirPath = "";
			projectRoot = "";
			targets = (
				B7D347411CC9C80600612650 /* 自定义cell和FooterView */,
			);
		};
/* End PBXProject section */

/* Begin PBXResourcesBuildPhase section */
		B7D347401CC9C80600612650 /* Resources */ = {
			isa = PBXResourcesBuildPhase;
			buildActionMask = 2147483647;
			files = (
				B7D347711CC9C8B500612650 /* NewsCell.xib in Resources */,
				B7D347551CC9C80600612650 /* LaunchScreen.storyboard in Resources */,
				B7D3476F1CC9C8B500612650 /* Header.xib in Resources */,
				B7D3476E1CC9C8B500612650 /* FooterView.xib in Resources */,
				B7D347731CC9C93500612650 /* Assets.xcassets in Resources */,
				B7D347751CC9C99400612650 /* news.plist in Resources */,
			);
			runOnlyForDeploymentPostprocessing = 0;
		};
/* End PBXResourcesBuildPhase section */

/* Begin PBXSourcesBuildPhase section */
		B7D3473E1CC9C80600612650 /* Sources */ = {
			isa = PBXSourcesBuildPhase;
			buildActionMask = 2147483647;
			files = (
				B7D3476D1CC9C8B500612650 /* FooterView.m in Sources */,
				B7D3474A1CC9C80600612650 /* AppDelegate.m in Sources */,
				B7D347701CC9C8B500612650 /* NewsCell.m in Sources */,
				B7D3476B1CC9C8B500612650 /* TableViewController.m in Sources */,
				B7D3476C1CC9C8B500612650 /* News.m in Sources */,
				B7D347471CC9C80600612650 /* main.m in Sources */,
			);
			runOnlyForDeploymentPostprocessing = 0;
		};
/* End PBXSourcesBuildPhase section */

/* Begin PBXVariantGroup section */
		B7D347531CC9C80600612650 /* LaunchScreen.storyboard */ = {
			isa = PBXVariantGroup;
			children = (
				B7D347541CC9C80600612650 /* Base */,
			);
			name = LaunchScreen.storyboard;
			path = ..;
			sourceTree = "<group>";
		};
/* End PBXVariantGroup section */

/* Begin XCBuildConfiguration section */
		B7D347571CC9C80600612650 /* Debug */ = {
			isa = XCBuildConfiguration;
			buildSettings = {
				ALWAYS_SEARCH_USER_PATHS = NO;
				CLANG_ANALYZER_NONNULL = YES;
				CLANG_CXX_LANGUAGE_STANDARD = "gnu++0x";
				CLANG_CXX_LIBRARY = "libc++";
				CLANG_ENABLE_MODULES = YES;
				CLANG_ENABLE_OBJC_ARC = YES;
				CLANG_WARN_BOOL_CONVERSION = YES;
				CLANG_WARN_CONSTANT_CONVERSION = YES;
				CLANG_WARN_DIRECT_OBJC_ISA_USAGE = YES_ERROR;
				CLANG_WARN_EMPTY_BODY = YES;
				CLANG_WARN_ENUM_CONVERSION = YES;
				CLANG_WARN_INT_CONVERSION = YES;
				CLANG_WARN_OBJC_ROOT_CLASS = YES_ERROR;
				CLANG_WARN_UNREACHABLE_CODE = YES;
				CLANG_WARN__DUPLICATE_METHOD_MATCH = YES;
				"CODE_SIGN_IDENTITY[sdk=iphoneos*]" = "iPhone Developer";
				COPY_PHASE_STRIP = NO;
				DEBUG_INFORMATION_FORMAT = dwarf;
				ENABLE_STRICT_OBJC_MSGSEND = YES;
				ENABLE_TESTABILITY = YES;
				GCC_C_LANGUAGE_STANDARD = gnu99;
				GCC_DYNAMIC_NO_PIC = NO;
				GCC_NO_COMMON_BLOCKS = YES;
				GCC_OPTIMIZATION_LEVEL = 0;
				GCC_PREPROCESSOR_DEFINITIONS = (
					"DEBUG=1",
					"$(inherited)",
				);
				GCC_WARN_64_TO_32_BIT_CONVERSION = YES;
				GCC_WARN_ABOUT_RETURN_TYPE = YES_ERROR;
				GCC_WARN_UNDECLARED_SELECTOR = YES;
				GCC_WARN_UNINITIALIZED_AUTOS = YES_AGGRESSIVE;
				GCC_WARN_UNUSED_FUNCTION = YES;
				GCC_WARN_UNUSED_VARIABLE = YES;
				IPHONEOS_DEPLOYMENT_TARGET = 9.3;
				MTL_ENABLE_DEBUG_INFO = YES;
				ONLY_ACTIVE_ARCH = YES;
				SDKROOT = iphoneos;
			};
			name = Debug;
		};
		B7D347581CC9C80600612650 /* Release */ = {
			isa = XCBuildConfiguration;
			buildSettings = {
				ALWAYS_SEARCH_USER_PATHS = NO;
				CLANG_ANALYZER_NONNULL = YES;
				CLANG_CXX_LANGUAGE_STANDARD = "gnu++0x";
				CLANG_CXX_LIBRARY = "libc++";
				CLANG_ENABLE_MODULES = YES;
				CLANG_ENABLE_OBJC_ARC = YES;
				CLANG_WARN_BOOL_CONVERSION = YES;
				CLANG_WARN_CONSTANT_CONVERSION = YES;
				CLANG_WARN_DIRECT_OBJC_ISA_USAGE = YES_ERROR;
				CLANG_WARN_EMPTY_BODY = YES;
				CLANG_WARN_ENUM_CONVERSION = YES;
				CLANG_WARN_INT_CONVERSION = YES;
				CLANG_WARN_OBJC_ROOT_CLASS = YES_ERROR;
				CLANG_WARN_UNREACHABLE_CODE = YES;
				CLANG_WARN__DUPLICATE_METHOD_MATCH = YES;
				"CODE_SIGN_IDENTITY[sdk=iphoneos*]" = "iPhone Developer";
				COPY_PHASE_STRIP = NO;
				DEBUG_INFORMATION_FORMAT = "dwarf-with-dsym";
				ENABLE_NS_ASSERTIONS = NO;
				ENABLE_STRICT_OBJC_MSGSEND = YES;
				GCC_C_LANGUAGE_STANDARD = gnu99;
				GCC_NO_COMMON_BLOCKS = YES;
				GCC_WARN_64_TO_32_BIT_CONVERSION = YES;
				GCC_WARN_ABOUT_RETURN_TYPE = YES_ERROR;
				GCC_WARN_UNDECLARED_SELECTOR = YES;
				GCC_WARN_UNINITIALIZED_AUTOS = YES_AGGRESSIVE;
				GCC_WARN_UNUSED_FUNCTION = YES;
				GCC_WARN_UNUSED_VARIABLE = YES;
				IPHONEOS_DEPLOYMENT_TARGET = 9.3;
				MTL_ENABLE_DEBUG_INFO = NO;
				SDKROOT = iphoneos;
				VALIDATE_PRODUCT = YES;
			};
			name = Release;
		};
		B7D3475A1CC9C80600612650 /* Debug */ = {
			isa = XCBuildConfiguration;
			buildSettings = {
				ASSETCATALOG_COMPILER_APPICON_NAME = AppIcon;
				INFOPLIST_FILE = "自定义cell和FooterView/Info.plist";
				LD_RUNPATH_SEARCH_PATHS = "$(inherited) @executable_path/Frameworks";
				PRODUCT_BUNDLE_IDENTIFIER = "QT.---cell-FooterView";
				PRODUCT_NAME = "$(TARGET_NAME)";
			};
			name = Debug;
		};
		B7D3475B1CC9C80600612650 /* Release */ = {
			isa = XCBuildConfiguration;
			buildSettings = {
				ASSETCATALOG_COMPILER_APPICON_NAME = AppIcon;
				INFOPLIST_FILE = "自定义cell和FooterView/Info.plist";
				LD_RUNPATH_SEARCH_PATHS = "$(inherited) @executable_path/Frameworks";
				PRODUCT_BUNDLE_IDENTIFIER = "QT.---cell-FooterView";
				PRODUCT_NAME = "$(TARGET_NAME)";
			};
			name = Release;
		};
/* End XCBuildConfiguration section */

/* Begin XCConfigurationList section */
		B7D3473D1CC9C80600612650 /* Build configuration list for PBXProject "自定义cell和FooterView" */ = {
			isa = XCConfigurationList;
			buildConfigurations = (
				B7D347571CC9C80600612650 /* Debug */,
				B7D347581CC9C80600612650 /* Release */,
			);
			defaultConfigurationIsVisible = 0;
			defaultConfigurationName = Release;
		};
		B7D347591CC9C80600612650 /* Build configuration list for PBXNativeTarget "自定义cell和FooterView" */ = {
			isa = XCConfigurationList;
			buildConfigurations = (
				B7D3475A1CC9C80600612650 /* Debug */,
				B7D3475B1CC9C80600612650 /* Release */,
			);
			defaultConfigurationIsVisible = 0;
		};
/* End XCConfigurationList section */
	};
	rootObject = B7D3473A1CC9C80600612650 /* Project object */;
}
