// !$*UTF8*$!
{
	archiveVersion = 1;
	classes = {
	};
	objectVersion = 46;
	objects = {

/* Begin PBXBuildFile section */
		B7C25FAB1E03AD2D00059BE7 /* main.c in Sources */ = {isa = PBXBuildFile; fileRef = B7C25FAA1E03AD2D00059BE7 /* main.c */; };
		B7C25FB51E03B1D400059BE7 /* JoseCircleList.c in Sources */ = {isa = PBXBuildFile; fileRef = B7C25FB31E03B1D400059BE7 /* JoseCircleList.c */; };
/* End PBXBuildFile section */

/* Begin PBXCopyFilesBuildPhase section */
		B7C25FA51E03AD2D00059BE7 /* CopyFiles */ = {
			isa = PBXCopyFilesBuildPhase;
			buildActionMask = 2147483647;
			dstPath = /usr/share/man/man1/;
			dstSubfolderSpec = 0;
			files = (
			);
			runOnlyForDeploymentPostprocessing = 1;
		};
/* End PBXCopyFilesBuildPhase section */

/* Begin PBXFileReference section */
		B7C25FA71E03AD2D00059BE7 /* 约瑟夫环 */ = {isa = PBXFileReference; explicitFileType = "compiled.mach-o.executable"; includeInIndex = 0; path = "约瑟夫环"; sourceTree = BUILT_PRODUCTS_DIR; };
		B7C25FAA1E03AD2D00059BE7 /* main.c */ = {isa = PBXFileReference; lastKnownFileType = sourcecode.c.c; path = main.c; sourceTree = "<group>"; };
		B7C25FB31E03B1D400059BE7 /* JoseCircleList.c */ = {isa = PBXFileReference; fileEncoding = 4; lastKnownFileType = sourcecode.c.c; path = JoseCircleList.c; sourceTree = "<group>"; };
		B7C25FB41E03B1D400059BE7 /* JoseCircleList.h */ = {isa = PBXFileReference; fileEncoding = 4; lastKnownFileType = sourcecode.c.h; path = JoseCircleList.h; sourceTree = "<group>"; };
/* End PBXFileReference section */

/* Begin PBXFrameworksBuildPhase section */
		B7C25FA41E03AD2D00059BE7 /* Frameworks */ = {
			isa = PBXFrameworksBuildPhase;
			buildActionMask = 2147483647;
			files = (
			);
			runOnlyForDeploymentPostprocessing = 0;
		};
/* End PBXFrameworksBuildPhase section */

/* Begin PBXGroup section */
		B7C25F9E1E03AD2D00059BE7 = {
			isa = PBXGroup;
			children = (
				B7C25FA91E03AD2D00059BE7 /* 约瑟夫环 */,
				B7C25FA81E03AD2D00059BE7 /* Products */,
			);
			sourceTree = "<group>";
		};
		B7C25FA81E03AD2D00059BE7 /* Products */ = {
			isa = PBXGroup;
			children = (
				B7C25FA71E03AD2D00059BE7 /* 约瑟夫环 */,
			);
			name = Products;
			sourceTree = "<group>";
		};
		B7C25FA91E03AD2D00059BE7 /* 约瑟夫环 */ = {
			isa = PBXGroup;
			children = (
				B7C25FAA1E03AD2D00059BE7 /* main.c */,
				B7C25FB31E03B1D400059BE7 /* JoseCircleList.c */,
				B7C25FB41E03B1D400059BE7 /* JoseCircleList.h */,
			);
			path = "约瑟夫环";
			sourceTree = "<group>";
		};
/* End PBXGroup section */

/* Begin PBXNativeTarget section */
		B7C25FA61E03AD2D00059BE7 /* 约瑟夫环 */ = {
			isa = PBXNativeTarget;
			buildConfigurationList = B7C25FAE1E03AD2D00059BE7 /* Build configuration list for PBXNativeTarget "约瑟夫环" */;
			buildPhases = (
				B7C25FA31E03AD2D00059BE7 /* Sources */,
				B7C25FA41E03AD2D00059BE7 /* Frameworks */,
				B7C25FA51E03AD2D00059BE7 /* CopyFiles */,
			);
			buildRules = (
			);
			dependencies = (
			);
			name = "约瑟夫环";
			productName = "约瑟夫环";
			productReference = B7C25FA71E03AD2D00059BE7 /* 约瑟夫环 */;
			productType = "com.apple.product-type.tool";
		};
/* End PBXNativeTarget section */

/* Begin PBXProject section */
		B7C25F9F1E03AD2D00059BE7 /* Project object */ = {
			isa = PBXProject;
			attributes = {
				LastUpgradeCheck = 0800;
				ORGANIZATIONNAME = QT;
				TargetAttributes = {
					B7C25FA61E03AD2D00059BE7 = {
						CreatedOnToolsVersion = 8.0;
						DevelopmentTeam = CW23JJ23BD;
						ProvisioningStyle = Automatic;
					};
				};
			};
			buildConfigurationList = B7C25FA21E03AD2D00059BE7 /* Build configuration list for PBXProject "约瑟夫环" */;
			compatibilityVersion = "Xcode 3.2";
			developmentRegion = English;
			hasScannedForEncodings = 0;
			knownRegions = (
				en,
			);
			mainGroup = B7C25F9E1E03AD2D00059BE7;
			productRefGroup = B7C25FA81E03AD2D00059BE7 /* Products */;
			projectDirPath = "";
			projectRoot = "";
			targets = (
				B7C25FA61E03AD2D00059BE7 /* 约瑟夫环 */,
			);
		};
/* End PBXProject section */

/* Begin PBXSourcesBuildPhase section */
		B7C25FA31E03AD2D00059BE7 /* Sources */ = {
			isa = PBXSourcesBuildPhase;
			buildActionMask = 2147483647;
			files = (
				B7C25FAB1E03AD2D00059BE7 /* main.c in Sources */,
				B7C25FB51E03B1D400059BE7 /* JoseCircleList.c in Sources */,
			);
			runOnlyForDeploymentPostprocessing = 0;
		};
/* End PBXSourcesBuildPhase section */

/* Begin XCBuildConfiguration section */
		B7C25FAC1E03AD2D00059BE7 /* Debug */ = {
			isa = XCBuildConfiguration;
			buildSettings = {
				ALWAYS_SEARCH_USER_PATHS = NO;
				CLANG_ANALYZER_NONNULL = YES;
				CLANG_CXX_LANGUAGE_STANDARD = "gnu++0x";
				CLANG_CXX_LIBRARY = "libc++";
				CLANG_ENABLE_MODULES = YES;
				CLANG_ENABLE_OBJC_ARC = YES;
				CLANG_WARN_BOOL_CONVERSION = YES;
				CLANG_WARN_CONSTANT_CONVERSION = YES;
				CLANG_WARN_DIRECT_OBJC_ISA_USAGE = YES_ERROR;
				CLANG_WARN_DOCUMENTATION_COMMENTS = YES;
				CLANG_WARN_EMPTY_BODY = YES;
				CLANG_WARN_ENUM_CONVERSION = YES;
				CLANG_WARN_INFINITE_RECURSION = YES;
				CLANG_WARN_INT_CONVERSION = YES;
				CLANG_WARN_OBJC_ROOT_CLASS = YES_ERROR;
				CLANG_WARN_SUSPICIOUS_MOVES = YES;
				CLANG_WARN_UNREACHABLE_CODE = YES;
				CLANG_WARN__DUPLICATE_METHOD_MATCH = YES;
				CODE_SIGN_IDENTITY = "-";
				COPY_PHASE_STRIP = NO;
				DEBUG_INFORMATION_FORMAT = dwarf;
				ENABLE_STRICT_OBJC_MSGSEND = YES;
				ENABLE_TESTABILITY = YES;
				GCC_C_LANGUAGE_STANDARD = gnu99;
				GCC_DYNAMIC_NO_PIC = NO;
				GCC_NO_COMMON_BLOCKS = YES;
				GCC_OPTIMIZATION_LEVEL = 0;
				GCC_PREPROCESSOR_DEFINITIONS = (
					"DEBUG=1",
					"$(inherited)",
				);
				GCC_WARN_64_TO_32_BIT_CONVERSION = YES;
				GCC_WARN_ABOUT_RETURN_TYPE = YES_ERROR;
				GCC_WARN_UNDECLARED_SELECTOR = YES;
				GCC_WARN_UNINITIALIZED_AUTOS = YES_AGGRESSIVE;
				GCC_WARN_UNUSED_FUNCTION = YES;
				GCC_WARN_UNUSED_VARIABLE = YES;
				MACOSX_DEPLOYMENT_TARGET = 10.12;
				MTL_ENABLE_DEBUG_INFO = YES;
				ONLY_ACTIVE_ARCH = YES;
				SDKROOT = macosx;
			};
			name = Debug;
		};
		B7C25FAD1E03AD2D00059BE7 /* Release */ = {
			isa = XCBuildConfiguration;
			buildSettings = {
				ALWAYS_SEARCH_USER_PATHS = NO;
				CLANG_ANALYZER_NONNULL = YES;
				CLANG_CXX_LANGUAGE_STANDARD = "gnu++0x";
				CLANG_CXX_LIBRARY = "libc++";
				CLANG_ENABLE_MODULES = YES;
				CLANG_ENABLE_OBJC_ARC = YES;
				CLANG_WARN_BOOL_CONVERSION = YES;
				CLANG_WARN_CONSTANT_CONVERSION = YES;
				CLANG_WARN_DIRECT_OBJC_ISA_USAGE = YES_ERROR;
				CLANG_WARN_DOCUMENTATION_COMMENTS = YES;
				CLANG_WARN_EMPTY_BODY = YES;
				CLANG_WARN_ENUM_CONVERSION = YES;
				CLANG_WARN_INFINITE_RECURSION = YES;
				CLANG_WARN_INT_CONVERSION = YES;
				CLANG_WARN_OBJC_ROOT_CLASS = YES_ERROR;
				CLANG_WARN_SUSPICIOUS_MOVES = YES;
				CLANG_WARN_UNREACHABLE_CODE = YES;
				CLANG_WARN__DUPLICATE_METHOD_MATCH = YES;
				CODE_SIGN_IDENTITY = "-";
				COPY_PHASE_STRIP = NO;
				DEBUG_INFORMATION_FORMAT = "dwarf-with-dsym";
				ENABLE_NS_ASSERTIONS = NO;
				ENABLE_STRICT_OBJC_MSGSEND = YES;
				GCC_C_LANGUAGE_STANDARD = gnu99;
				GCC_NO_COMMON_BLOCKS = YES;
				GCC_WARN_64_TO_32_BIT_CONVERSION = YES;
				GCC_WARN_ABOUT_RETURN_TYPE = YES_ERROR;
				GCC_WARN_UNDECLARED_SELECTOR = YES;
				GCC_WARN_UNINITIALIZED_AUTOS = YES_AGGRESSIVE;
				GCC_WARN_UNUSED_FUNCTION = YES;
				GCC_WARN_UNUSED_VARIABLE = YES;
				MACOSX_DEPLOYMENT_TARGET = 10.12;
				MTL_ENABLE_DEBUG_INFO = NO;
				SDKROOT = macosx;
			};
			name = Release;
		};
		B7C25FAF1E03AD2D00059BE7 /* Debug */ = {
			isa = XCBuildConfiguration;
			buildSettings = {
				DEVELOPMENT_TEAM = CW23JJ23BD;
				PRODUCT_NAME = "$(TARGET_NAME)";
			};
			name = Debug;
		};
		B7C25FB01E03AD2D00059BE7 /* Release */ = {
			isa = XCBuildConfiguration;
			buildSettings = {
				DEVELOPMENT_TEAM = CW23JJ23BD;
				PRODUCT_NAME = "$(TARGET_NAME)";
			};
			name = Release;
		};
/* End XCBuildConfiguration section */

/* Begin XCConfigurationList section */
		B7C25FA21E03AD2D00059BE7 /* Build configuration list for PBXProject "约瑟夫环" */ = {
			isa = XCConfigurationList;
			buildConfigurations = (
				B7C25FAC1E03AD2D00059BE7 /* Debug */,
				B7C25FAD1E03AD2D00059BE7 /* Release */,
			);
			defaultConfigurationIsVisible = 0;
			defaultConfigurationName = Release;
		};
		B7C25FAE1E03AD2D00059BE7 /* Build configuration list for PBXNativeTarget "约瑟夫环" */ = {
			isa = XCConfigurationList;
			buildConfigurations = (
				B7C25FAF1E03AD2D00059BE7 /* Debug */,
				B7C25FB01E03AD2D00059BE7 /* Release */,
			);
			defaultConfigurationIsVisible = 0;
		};
/* End XCConfigurationList section */
	};
	rootObject = B7C25F9F1E03AD2D00059BE7 /* Project object */;
}
