// !$*UTF8*$!
{
	archiveVersion = 1;
	classes = {
	};
	objectVersion = 46;
	objects = {

/* Begin PBXBuildFile section */
		B72F33661D3B435500F20B02 /* main.m in Sources */ = {isa = PBXBuildFile; fileRef = B72F33651D3B435500F20B02 /* main.m */; };
		B72F33691D3B435500F20B02 /* AppDelegate.m in Sources */ = {isa = PBXBuildFile; fileRef = B72F33681D3B435500F20B02 /* AppDelegate.m */; };
		B72F336C1D3B435500F20B02 /* ViewController.m in Sources */ = {isa = PBXBuildFile; fileRef = B72F336B1D3B435500F20B02 /* ViewController.m */; };
		B72F336F1D3B435500F20B02 /* Main.storyboard in Resources */ = {isa = PBXBuildFile; fileRef = B72F336D1D3B435500F20B02 /* Main.storyboard */; };
		B72F33711D3B435500F20B02 /* Assets.xcassets in Resources */ = {isa = PBXBuildFile; fileRef = B72F33701D3B435500F20B02 /* Assets.xcassets */; };
		B72F33741D3B435500F20B02 /* LaunchScreen.storyboard in Resources */ = {isa = PBXBuildFile; fileRef = B72F33721D3B435500F20B02 /* LaunchScreen.storyboard */; };
		B72F337D1D3B438200F20B02 /* QTPlaceholderTextView.m in Sources */ = {isa = PBXBuildFile; fileRef = B72F337C1D3B438200F20B02 /* QTPlaceholderTextView.m */; };
		B72F33801D3B4B6200F20B02 /* QTPlaceholderLabelTextView.m in Sources */ = {isa = PBXBuildFile; fileRef = B72F337F1D3B4B6200F20B02 /* QTPlaceholderLabelTextView.m */; };
		B72F33831D3B4F2B00F20B02 /* UIView+Extension.m in Sources */ = {isa = PBXBuildFile; fileRef = B72F33821D3B4F2B00F20B02 /* UIView+Extension.m */; };
/* End PBXBuildFile section */

/* Begin PBXFileReference section */
		B72F33611D3B435500F20B02 /* PlaceholderTextView.app */ = {isa = PBXFileReference; explicitFileType = wrapper.application; includeInIndex = 0; path = PlaceholderTextView.app; sourceTree = BUILT_PRODUCTS_DIR; };
		B72F33651D3B435500F20B02 /* main.m */ = {isa = PBXFileReference; lastKnownFileType = sourcecode.c.objc; path = main.m; sourceTree = "<group>"; };
		B72F33671D3B435500F20B02 /* AppDelegate.h */ = {isa = PBXFileReference; lastKnownFileType = sourcecode.c.h; path = AppDelegate.h; sourceTree = "<group>"; };
		B72F33681D3B435500F20B02 /* AppDelegate.m */ = {isa = PBXFileReference; lastKnownFileType = sourcecode.c.objc; path = AppDelegate.m; sourceTree = "<group>"; };
		B72F336A1D3B435500F20B02 /* ViewController.h */ = {isa = PBXFileReference; lastKnownFileType = sourcecode.c.h; path = ViewController.h; sourceTree = "<group>"; };
		B72F336B1D3B435500F20B02 /* ViewController.m */ = {isa = PBXFileReference; lastKnownFileType = sourcecode.c.objc; path = ViewController.m; sourceTree = "<group>"; };
		B72F336E1D3B435500F20B02 /* Base */ = {isa = PBXFileReference; lastKnownFileType = file.storyboard; name = Base; path = Base.lproj/Main.storyboard; sourceTree = "<group>"; };
		B72F33701D3B435500F20B02 /* Assets.xcassets */ = {isa = PBXFileReference; lastKnownFileType = folder.assetcatalog; path = Assets.xcassets; sourceTree = "<group>"; };
		B72F33731D3B435500F20B02 /* Base */ = {isa = PBXFileReference; lastKnownFileType = file.storyboard; name = Base; path = Base.lproj/LaunchScreen.storyboard; sourceTree = "<group>"; };
		B72F33751D3B435500F20B02 /* Info.plist */ = {isa = PBXFileReference; lastKnownFileType = text.plist.xml; path = Info.plist; sourceTree = "<group>"; };
		B72F337B1D3B438200F20B02 /* QTPlaceholderTextView.h */ = {isa = PBXFileReference; fileEncoding = 4; lastKnownFileType = sourcecode.c.h; path = QTPlaceholderTextView.h; sourceTree = "<group>"; };
		B72F337C1D3B438200F20B02 /* QTPlaceholderTextView.m */ = {isa = PBXFileReference; fileEncoding = 4; lastKnownFileType = sourcecode.c.objc; path = QTPlaceholderTextView.m; sourceTree = "<group>"; };
		B72F337E1D3B4B6200F20B02 /* QTPlaceholderLabelTextView.h */ = {isa = PBXFileReference; fileEncoding = 4; lastKnownFileType = sourcecode.c.h; path = QTPlaceholderLabelTextView.h; sourceTree = "<group>"; };
		B72F337F1D3B4B6200F20B02 /* QTPlaceholderLabelTextView.m */ = {isa = PBXFileReference; fileEncoding = 4; lastKnownFileType = sourcecode.c.objc; path = QTPlaceholderLabelTextView.m; sourceTree = "<group>"; };
		B72F33811D3B4F2B00F20B02 /* UIView+Extension.h */ = {isa = PBXFileReference; fileEncoding = 4; lastKnownFileType = sourcecode.c.h; path = "UIView+Extension.h"; sourceTree = "<group>"; };
		B72F33821D3B4F2B00F20B02 /* UIView+Extension.m */ = {isa = PBXFileReference; fileEncoding = 4; lastKnownFileType = sourcecode.c.objc; path = "UIView+Extension.m"; sourceTree = "<group>"; };
/* End PBXFileReference section */

/* Begin PBXFrameworksBuildPhase section */
		B72F335E1D3B435500F20B02 /* Frameworks */ = {
			isa = PBXFrameworksBuildPhase;
			buildActionMask = 2147483647;
			files = (
			);
			runOnlyForDeploymentPostprocessing = 0;
		};
/* End PBXFrameworksBuildPhase section */

/* Begin PBXGroup section */
		B72F33581D3B435500F20B02 = {
			isa = PBXGroup;
			children = (
				B72F33631D3B435500F20B02 /* PlaceholderTextView */,
				B72F33621D3B435500F20B02 /* Products */,
			);
			sourceTree = "<group>";
		};
		B72F33621D3B435500F20B02 /* Products */ = {
			isa = PBXGroup;
			children = (
				B72F33611D3B435500F20B02 /* PlaceholderTextView.app */,
			);
			name = Products;
			sourceTree = "<group>";
		};
		B72F33631D3B435500F20B02 /* PlaceholderTextView */ = {
			isa = PBXGroup;
			children = (
				B72F33671D3B435500F20B02 /* AppDelegate.h */,
				B72F33681D3B435500F20B02 /* AppDelegate.m */,
				B72F336A1D3B435500F20B02 /* ViewController.h */,
				B72F336B1D3B435500F20B02 /* ViewController.m */,
				B72F337B1D3B438200F20B02 /* QTPlaceholderTextView.h */,
				B72F337C1D3B438200F20B02 /* QTPlaceholderTextView.m */,
				B72F337E1D3B4B6200F20B02 /* QTPlaceholderLabelTextView.h */,
				B72F337F1D3B4B6200F20B02 /* QTPlaceholderLabelTextView.m */,
				B72F33811D3B4F2B00F20B02 /* UIView+Extension.h */,
				B72F33821D3B4F2B00F20B02 /* UIView+Extension.m */,
				B72F336D1D3B435500F20B02 /* Main.storyboard */,
				B72F33701D3B435500F20B02 /* Assets.xcassets */,
				B72F33721D3B435500F20B02 /* LaunchScreen.storyboard */,
				B72F33751D3B435500F20B02 /* Info.plist */,
				B72F33641D3B435500F20B02 /* Supporting Files */,
			);
			path = PlaceholderTextView;
			sourceTree = "<group>";
		};
		B72F33641D3B435500F20B02 /* Supporting Files */ = {
			isa = PBXGroup;
			children = (
				B72F33651D3B435500F20B02 /* main.m */,
			);
			name = "Supporting Files";
			sourceTree = "<group>";
		};
/* End PBXGroup section */

/* Begin PBXNativeTarget section */
		B72F33601D3B435500F20B02 /* PlaceholderTextView */ = {
			isa = PBXNativeTarget;
			buildConfigurationList = B72F33781D3B435500F20B02 /* Build configuration list for PBXNativeTarget "PlaceholderTextView" */;
			buildPhases = (
				B72F335D1D3B435500F20B02 /* Sources */,
				B72F335E1D3B435500F20B02 /* Frameworks */,
				B72F335F1D3B435500F20B02 /* Resources */,
			);
			buildRules = (
			);
			dependencies = (
			);
			name = PlaceholderTextView;
			productName = PlaceholderTextView;
			productReference = B72F33611D3B435500F20B02 /* PlaceholderTextView.app */;
			productType = "com.apple.product-type.application";
		};
/* End PBXNativeTarget section */

/* Begin PBXProject section */
		B72F33591D3B435500F20B02 /* Project object */ = {
			isa = PBXProject;
			attributes = {
				LastUpgradeCheck = 0730;
				ORGANIZATIONNAME = Qinting;
				TargetAttributes = {
					B72F33601D3B435500F20B02 = {
						CreatedOnToolsVersion = 7.3;
						DevelopmentTeam = CW23JJ23BD;
					};
				};
			};
			buildConfigurationList = B72F335C1D3B435500F20B02 /* Build configuration list for PBXProject "PlaceholderTextView" */;
			compatibilityVersion = "Xcode 3.2";
			developmentRegion = English;
			hasScannedForEncodings = 0;
			knownRegions = (
				en,
				Base,
			);
			mainGroup = B72F33581D3B435500F20B02;
			productRefGroup = B72F33621D3B435500F20B02 /* Products */;
			projectDirPath = "";
			projectRoot = "";
			targets = (
				B72F33601D3B435500F20B02 /* PlaceholderTextView */,
			);
		};
/* End PBXProject section */

/* Begin PBXResourcesBuildPhase section */
		B72F335F1D3B435500F20B02 /* Resources */ = {
			isa = PBXResourcesBuildPhase;
			buildActionMask = 2147483647;
			files = (
				B72F33741D3B435500F20B02 /* LaunchScreen.storyboard in Resources */,
				B72F33711D3B435500F20B02 /* Assets.xcassets in Resources */,
				B72F336F1D3B435500F20B02 /* Main.storyboard in Resources */,
			);
			runOnlyForDeploymentPostprocessing = 0;
		};
/* End PBXResourcesBuildPhase section */

/* Begin PBXSourcesBuildPhase section */
		B72F335D1D3B435500F20B02 /* Sources */ = {
			isa = PBXSourcesBuildPhase;
			buildActionMask = 2147483647;
			files = (
				B72F33831D3B4F2B00F20B02 /* UIView+Extension.m in Sources */,
				B72F336C1D3B435500F20B02 /* ViewController.m in Sources */,
				B72F33691D3B435500F20B02 /* AppDelegate.m in Sources */,
				B72F337D1D3B438200F20B02 /* QTPlaceholderTextView.m in Sources */,
				B72F33661D3B435500F20B02 /* main.m in Sources */,
				B72F33801D3B4B6200F20B02 /* QTPlaceholderLabelTextView.m in Sources */,
			);
			runOnlyForDeploymentPostprocessing = 0;
		};
/* End PBXSourcesBuildPhase section */

/* Begin PBXVariantGroup section */
		B72F336D1D3B435500F20B02 /* Main.storyboard */ = {
			isa = PBXVariantGroup;
			children = (
				B72F336E1D3B435500F20B02 /* Base */,
			);
			name = Main.storyboard;
			sourceTree = "<group>";
		};
		B72F33721D3B435500F20B02 /* LaunchScreen.storyboard */ = {
			isa = PBXVariantGroup;
			children = (
				B72F33731D3B435500F20B02 /* Base */,
			);
			name = LaunchScreen.storyboard;
			sourceTree = "<group>";
		};
/* End PBXVariantGroup section */

/* Begin XCBuildConfiguration section */
		B72F33761D3B435500F20B02 /* Debug */ = {
			isa = XCBuildConfiguration;
			buildSettings = {
				ALWAYS_SEARCH_USER_PATHS = NO;
				CLANG_ANALYZER_NONNULL = YES;
				CLANG_CXX_LANGUAGE_STANDARD = "gnu++0x";
				CLANG_CXX_LIBRARY = "libc++";
				CLANG_ENABLE_MODULES = YES;
				CLANG_ENABLE_OBJC_ARC = YES;
				CLANG_WARN_BOOL_CONVERSION = YES;
				CLANG_WARN_CONSTANT_CONVERSION = YES;
				CLANG_WARN_DIRECT_OBJC_ISA_USAGE = YES_ERROR;
				CLANG_WARN_EMPTY_BODY = YES;
				CLANG_WARN_ENUM_CONVERSION = YES;
				CLANG_WARN_INT_CONVERSION = YES;
				CLANG_WARN_OBJC_ROOT_CLASS = YES_ERROR;
				CLANG_WARN_UNREACHABLE_CODE = YES;
				CLANG_WARN__DUPLICATE_METHOD_MATCH = YES;
				"CODE_SIGN_IDENTITY[sdk=iphoneos*]" = "iPhone Developer";
				COPY_PHASE_STRIP = NO;
				DEBUG_INFORMATION_FORMAT = dwarf;
				ENABLE_STRICT_OBJC_MSGSEND = YES;
				ENABLE_TESTABILITY = YES;
				GCC_C_LANGUAGE_STANDARD = gnu99;
				GCC_DYNAMIC_NO_PIC = NO;
				GCC_NO_COMMON_BLOCKS = YES;
				GCC_OPTIMIZATION_LEVEL = 0;
				GCC_PREPROCESSOR_DEFINITIONS = (
					"DEBUG=1",
					"$(inherited)",
				);
				GCC_WARN_64_TO_32_BIT_CONVERSION = YES;
				GCC_WARN_ABOUT_RETURN_TYPE = YES_ERROR;
				GCC_WARN_UNDECLARED_SELECTOR = YES;
				GCC_WARN_UNINITIALIZED_AUTOS = YES_AGGRESSIVE;
				GCC_WARN_UNUSED_FUNCTION = YES;
				GCC_WARN_UNUSED_VARIABLE = YES;
				IPHONEOS_DEPLOYMENT_TARGET = 9.3;
				MTL_ENABLE_DEBUG_INFO = YES;
				ONLY_ACTIVE_ARCH = YES;
				SDKROOT = iphoneos;
			};
			name = Debug;
		};
		B72F33771D3B435500F20B02 /* Release */ = {
			isa = XCBuildConfiguration;
			buildSettings = {
				ALWAYS_SEARCH_USER_PATHS = NO;
				CLANG_ANALYZER_NONNULL = YES;
				CLANG_CXX_LANGUAGE_STANDARD = "gnu++0x";
				CLANG_CXX_LIBRARY = "libc++";
				CLANG_ENABLE_MODULES = YES;
				CLANG_ENABLE_OBJC_ARC = YES;
				CLANG_WARN_BOOL_CONVERSION = YES;
				CLANG_WARN_CONSTANT_CONVERSION = YES;
				CLANG_WARN_DIRECT_OBJC_ISA_USAGE = YES_ERROR;
				CLANG_WARN_EMPTY_BODY = YES;
				CLANG_WARN_ENUM_CONVERSION = YES;
				CLANG_WARN_INT_CONVERSION = YES;
				CLANG_WARN_OBJC_ROOT_CLASS = YES_ERROR;
				CLANG_WARN_UNREACHABLE_CODE = YES;
				CLANG_WARN__DUPLICATE_METHOD_MATCH = YES;
				"CODE_SIGN_IDENTITY[sdk=iphoneos*]" = "iPhone Developer";
				COPY_PHASE_STRIP = NO;
				DEBUG_INFORMATION_FORMAT = "dwarf-with-dsym";
				ENABLE_NS_ASSERTIONS = NO;
				ENABLE_STRICT_OBJC_MSGSEND = YES;
				GCC_C_LANGUAGE_STANDARD = gnu99;
				GCC_NO_COMMON_BLOCKS = YES;
				GCC_WARN_64_TO_32_BIT_CONVERSION = YES;
				GCC_WARN_ABOUT_RETURN_TYPE = YES_ERROR;
				GCC_WARN_UNDECLARED_SELECTOR = YES;
				GCC_WARN_UNINITIALIZED_AUTOS = YES_AGGRESSIVE;
				GCC_WARN_UNUSED_FUNCTION = YES;
				GCC_WARN_UNUSED_VARIABLE = YES;
				IPHONEOS_DEPLOYMENT_TARGET = 9.3;
				MTL_ENABLE_DEBUG_INFO = NO;
				SDKROOT = iphoneos;
				VALIDATE_PRODUCT = YES;
			};
			name = Release;
		};
		B72F33791D3B435500F20B02 /* Debug */ = {
			isa = XCBuildConfiguration;
			buildSettings = {
				ASSETCATALOG_COMPILER_APPICON_NAME = AppIcon;
				INFOPLIST_FILE = PlaceholderTextView/Info.plist;
				LD_RUNPATH_SEARCH_PATHS = "$(inherited) @executable_path/Frameworks";
				PRODUCT_BUNDLE_IDENTIFIER = QT.PlaceholderTextView;
				PRODUCT_NAME = "$(TARGET_NAME)";
			};
			name = Debug;
		};
		B72F337A1D3B435500F20B02 /* Release */ = {
			isa = XCBuildConfiguration;
			buildSettings = {
				ASSETCATALOG_COMPILER_APPICON_NAME = AppIcon;
				INFOPLIST_FILE = PlaceholderTextView/Info.plist;
				LD_RUNPATH_SEARCH_PATHS = "$(inherited) @executable_path/Frameworks";
				PRODUCT_BUNDLE_IDENTIFIER = QT.PlaceholderTextView;
				PRODUCT_NAME = "$(TARGET_NAME)";
			};
			name = Release;
		};
/* End XCBuildConfiguration section */

/* Begin XCConfigurationList section */
		B72F335C1D3B435500F20B02 /* Build configuration list for PBXProject "PlaceholderTextView" */ = {
			isa = XCConfigurationList;
			buildConfigurations = (
				B72F33761D3B435500F20B02 /* Debug */,
				B72F33771D3B435500F20B02 /* Release */,
			);
			defaultConfigurationIsVisible = 0;
			defaultConfigurationName = Release;
		};
		B72F33781D3B435500F20B02 /* Build configuration list for PBXNativeTarget "PlaceholderTextView" */ = {
			isa = XCConfigurationList;
			buildConfigurations = (
				B72F33791D3B435500F20B02 /* Debug */,
				B72F337A1D3B435500F20B02 /* Release */,
			);
			defaultConfigurationIsVisible = 0;
		};
/* End XCConfigurationList section */
	};
	rootObject = B72F33591D3B435500F20B02 /* Project object */;
}
