// !$*UTF8*$!
{
	archiveVersion = 1;
	classes = {
	};
	objectVersion = 46;
	objects = {

/* Begin PBXBuildFile section */
		B7057AC71CCCF503007DFA01 /* 0.jpg in Resources */ = {isa = PBXBuildFile; fileRef = B7057AC41CCCF503007DFA01 /* 0.jpg */; };
		B7057AC81CCCF503007DFA01 /* 1.jpg in Resources */ = {isa = PBXBuildFile; fileRef = B7057AC51CCCF503007DFA01 /* 1.jpg */; };
		B7057AC91CCCF503007DFA01 /* 2.jpg in Resources */ = {isa = PBXBuildFile; fileRef = B7057AC61CCCF503007DFA01 /* 2.jpg */; };
		B7057ACC1CCCF53B007DFA01 /* HJCarouselViewLayout.m in Sources */ = {isa = PBXBuildFile; fileRef = B7057ACB1CCCF53B007DFA01 /* HJCarouselViewLayout.m */; };
		B7A88B7C1CCCCDB400F2663B /* main.m in Sources */ = {isa = PBXBuildFile; fileRef = B7A88B7B1CCCCDB400F2663B /* main.m */; };
		B7A88B7F1CCCCDB400F2663B /* AppDelegate.m in Sources */ = {isa = PBXBuildFile; fileRef = B7A88B7E1CCCCDB400F2663B /* AppDelegate.m */; };
		B7A88B851CCCCDB400F2663B /* Main.storyboard in Resources */ = {isa = PBXBuildFile; fileRef = B7A88B831CCCCDB400F2663B /* Main.storyboard */; };
		B7A88B871CCCCDB400F2663B /* Assets.xcassets in Resources */ = {isa = PBXBuildFile; fileRef = B7A88B861CCCCDB400F2663B /* Assets.xcassets */; };
		B7A88B8A1CCCCDB400F2663B /* LaunchScreen.storyboard in Resources */ = {isa = PBXBuildFile; fileRef = B7A88B881CCCCDB400F2663B /* LaunchScreen.storyboard */; };
		B7A88B971CCCCE1200F2663B /* MenuTableViewController.m in Sources */ = {isa = PBXBuildFile; fileRef = B7A88B961CCCCE1200F2663B /* MenuTableViewController.m */; };
		B7A88B9A1CCCCEA700F2663B /* CollectionViewController.m in Sources */ = {isa = PBXBuildFile; fileRef = B7A88B991CCCCEA700F2663B /* CollectionViewController.m */; };
		B7A88B9E1CCCCF4700F2663B /* CarouselViewCell.m in Sources */ = {isa = PBXBuildFile; fileRef = B7A88B9C1CCCCF4700F2663B /* CarouselViewCell.m */; };
		B7A88B9F1CCCCF4700F2663B /* CarouselViewCell.xib in Resources */ = {isa = PBXBuildFile; fileRef = B7A88B9D1CCCCF4700F2663B /* CarouselViewCell.xib */; };
/* End PBXBuildFile section */

/* Begin PBXFileReference section */
		B7057AC41CCCF503007DFA01 /* 0.jpg */ = {isa = PBXFileReference; lastKnownFileType = image.jpeg; path = 0.jpg; sourceTree = "<group>"; };
		B7057AC51CCCF503007DFA01 /* 1.jpg */ = {isa = PBXFileReference; lastKnownFileType = image.jpeg; path = 1.jpg; sourceTree = "<group>"; };
		B7057AC61CCCF503007DFA01 /* 2.jpg */ = {isa = PBXFileReference; lastKnownFileType = image.jpeg; path = 2.jpg; sourceTree = "<group>"; };
		B7057ACA1CCCF53B007DFA01 /* HJCarouselViewLayout.h */ = {isa = PBXFileReference; fileEncoding = 4; lastKnownFileType = sourcecode.c.h; name = HJCarouselViewLayout.h; path = CollectionViewCarousel/HJCarouselViewLayout.h; sourceTree = SOURCE_ROOT; };
		B7057ACB1CCCF53B007DFA01 /* HJCarouselViewLayout.m */ = {isa = PBXFileReference; fileEncoding = 4; lastKnownFileType = sourcecode.c.objc; name = HJCarouselViewLayout.m; path = CollectionViewCarousel/HJCarouselViewLayout.m; sourceTree = SOURCE_ROOT; };
		B7A88B771CCCCDB400F2663B /* CollectionViewCarousel.app */ = {isa = PBXFileReference; explicitFileType = wrapper.application; includeInIndex = 0; path = CollectionViewCarousel.app; sourceTree = BUILT_PRODUCTS_DIR; };
		B7A88B7B1CCCCDB400F2663B /* main.m */ = {isa = PBXFileReference; lastKnownFileType = sourcecode.c.objc; path = main.m; sourceTree = "<group>"; };
		B7A88B7D1CCCCDB400F2663B /* AppDelegate.h */ = {isa = PBXFileReference; lastKnownFileType = sourcecode.c.h; path = AppDelegate.h; sourceTree = "<group>"; };
		B7A88B7E1CCCCDB400F2663B /* AppDelegate.m */ = {isa = PBXFileReference; lastKnownFileType = sourcecode.c.objc; path = AppDelegate.m; sourceTree = "<group>"; };
		B7A88B841CCCCDB400F2663B /* Base */ = {isa = PBXFileReference; lastKnownFileType = file.storyboard; name = Base; path = Base.lproj/Main.storyboard; sourceTree = "<group>"; };
		B7A88B861CCCCDB400F2663B /* Assets.xcassets */ = {isa = PBXFileReference; lastKnownFileType = folder.assetcatalog; path = Assets.xcassets; sourceTree = "<group>"; };
		B7A88B891CCCCDB400F2663B /* Base */ = {isa = PBXFileReference; lastKnownFileType = file.storyboard; name = Base; path = Base.lproj/LaunchScreen.storyboard; sourceTree = "<group>"; };
		B7A88B8B1CCCCDB400F2663B /* Info.plist */ = {isa = PBXFileReference; lastKnownFileType = text.plist.xml; path = Info.plist; sourceTree = "<group>"; };
		B7A88B951CCCCE1200F2663B /* MenuTableViewController.h */ = {isa = PBXFileReference; fileEncoding = 4; lastKnownFileType = sourcecode.c.h; path = MenuTableViewController.h; sourceTree = "<group>"; };
		B7A88B961CCCCE1200F2663B /* MenuTableViewController.m */ = {isa = PBXFileReference; fileEncoding = 4; lastKnownFileType = sourcecode.c.objc; path = MenuTableViewController.m; sourceTree = "<group>"; };
		B7A88B981CCCCEA700F2663B /* CollectionViewController.h */ = {isa = PBXFileReference; fileEncoding = 4; lastKnownFileType = sourcecode.c.h; path = CollectionViewController.h; sourceTree = "<group>"; };
		B7A88B991CCCCEA700F2663B /* CollectionViewController.m */ = {isa = PBXFileReference; fileEncoding = 4; lastKnownFileType = sourcecode.c.objc; path = CollectionViewController.m; sourceTree = "<group>"; };
		B7A88B9B1CCCCF4700F2663B /* CarouselViewCell.h */ = {isa = PBXFileReference; fileEncoding = 4; lastKnownFileType = sourcecode.c.h; path = CarouselViewCell.h; sourceTree = "<group>"; };
		B7A88B9C1CCCCF4700F2663B /* CarouselViewCell.m */ = {isa = PBXFileReference; fileEncoding = 4; lastKnownFileType = sourcecode.c.objc; path = CarouselViewCell.m; sourceTree = "<group>"; };
		B7A88B9D1CCCCF4700F2663B /* CarouselViewCell.xib */ = {isa = PBXFileReference; fileEncoding = 4; lastKnownFileType = file.xib; path = CarouselViewCell.xib; sourceTree = "<group>"; };
/* End PBXFileReference section */

/* Begin PBXFrameworksBuildPhase section */
		B7A88B741CCCCDB400F2663B /* Frameworks */ = {
			isa = PBXFrameworksBuildPhase;
			buildActionMask = 2147483647;
			files = (
			);
			runOnlyForDeploymentPostprocessing = 0;
		};
/* End PBXFrameworksBuildPhase section */

/* Begin PBXGroup section */
		B7A88B6E1CCCCDB400F2663B = {
			isa = PBXGroup;
			children = (
				B7A88B791CCCCDB400F2663B /* CollectionViewCarousel */,
				B7A88B781CCCCDB400F2663B /* Products */,
			);
			sourceTree = "<group>";
		};
		B7A88B781CCCCDB400F2663B /* Products */ = {
			isa = PBXGroup;
			children = (
				B7A88B771CCCCDB400F2663B /* CollectionViewCarousel.app */,
			);
			name = Products;
			sourceTree = "<group>";
		};
		B7A88B791CCCCDB400F2663B /* CollectionViewCarousel */ = {
			isa = PBXGroup;
			children = (
				B7A88B931CCCCDF200F2663B /* HJCarouselViewLayout */,
				B7A88B7D1CCCCDB400F2663B /* AppDelegate.h */,
				B7A88B7E1CCCCDB400F2663B /* AppDelegate.m */,
				B7A88B951CCCCE1200F2663B /* MenuTableViewController.h */,
				B7A88B961CCCCE1200F2663B /* MenuTableViewController.m */,
				B7A88B981CCCCEA700F2663B /* CollectionViewController.h */,
				B7A88B991CCCCEA700F2663B /* CollectionViewController.m */,
				B7A88B9B1CCCCF4700F2663B /* CarouselViewCell.h */,
				B7A88B9C1CCCCF4700F2663B /* CarouselViewCell.m */,
				B7A88B9D1CCCCF4700F2663B /* CarouselViewCell.xib */,
				B7057AC41CCCF503007DFA01 /* 0.jpg */,
				B7057AC51CCCF503007DFA01 /* 1.jpg */,
				B7057AC61CCCF503007DFA01 /* 2.jpg */,
				B7A88B831CCCCDB400F2663B /* Main.storyboard */,
				B7A88B861CCCCDB400F2663B /* Assets.xcassets */,
				B7A88B881CCCCDB400F2663B /* LaunchScreen.storyboard */,
				B7A88B8B1CCCCDB400F2663B /* Info.plist */,
				B7A88B7A1CCCCDB400F2663B /* Supporting Files */,
			);
			path = CollectionViewCarousel;
			sourceTree = "<group>";
		};
		B7A88B7A1CCCCDB400F2663B /* Supporting Files */ = {
			isa = PBXGroup;
			children = (
				B7A88B7B1CCCCDB400F2663B /* main.m */,
			);
			name = "Supporting Files";
			sourceTree = "<group>";
		};
		B7A88B931CCCCDF200F2663B /* HJCarouselViewLayout */ = {
			isa = PBXGroup;
			children = (
				B7057ACA1CCCF53B007DFA01 /* HJCarouselViewLayout.h */,
				B7057ACB1CCCF53B007DFA01 /* HJCarouselViewLayout.m */,
			);
			name = HJCarouselViewLayout;
			path = "../../../../../../../工作/code1602/HJCarouselDemo-master/HJCarouselDemo";
			sourceTree = "<group>";
		};
/* End PBXGroup section */

/* Begin PBXNativeTarget section */
		B7A88B761CCCCDB400F2663B /* CollectionViewCarousel */ = {
			isa = PBXNativeTarget;
			buildConfigurationList = B7A88B8E1CCCCDB400F2663B /* Build configuration list for PBXNativeTarget "CollectionViewCarousel" */;
			buildPhases = (
				B7A88B731CCCCDB400F2663B /* Sources */,
				B7A88B741CCCCDB400F2663B /* Frameworks */,
				B7A88B751CCCCDB400F2663B /* Resources */,
			);
			buildRules = (
			);
			dependencies = (
			);
			name = CollectionViewCarousel;
			productName = CollectionViewCarousel;
			productReference = B7A88B771CCCCDB400F2663B /* CollectionViewCarousel.app */;
			productType = "com.apple.product-type.application";
		};
/* End PBXNativeTarget section */

/* Begin PBXProject section */
		B7A88B6F1CCCCDB400F2663B /* Project object */ = {
			isa = PBXProject;
			attributes = {
				LastUpgradeCheck = 0730;
				ORGANIZATIONNAME = Qinting;
				TargetAttributes = {
					B7A88B761CCCCDB400F2663B = {
						CreatedOnToolsVersion = 7.3;
						DevelopmentTeam = CW23JJ23BD;
					};
				};
			};
			buildConfigurationList = B7A88B721CCCCDB400F2663B /* Build configuration list for PBXProject "CollectionViewCarousel" */;
			compatibilityVersion = "Xcode 3.2";
			developmentRegion = English;
			hasScannedForEncodings = 0;
			knownRegions = (
				en,
				Base,
			);
			mainGroup = B7A88B6E1CCCCDB400F2663B;
			productRefGroup = B7A88B781CCCCDB400F2663B /* Products */;
			projectDirPath = "";
			projectRoot = "";
			targets = (
				B7A88B761CCCCDB400F2663B /* CollectionViewCarousel */,
			);
		};
/* End PBXProject section */

/* Begin PBXResourcesBuildPhase section */
		B7A88B751CCCCDB400F2663B /* Resources */ = {
			isa = PBXResourcesBuildPhase;
			buildActionMask = 2147483647;
			files = (
				B7A88B8A1CCCCDB400F2663B /* LaunchScreen.storyboard in Resources */,
				B7057AC71CCCF503007DFA01 /* 0.jpg in Resources */,
				B7057AC91CCCF503007DFA01 /* 2.jpg in Resources */,
				B7A88B871CCCCDB400F2663B /* Assets.xcassets in Resources */,
				B7057AC81CCCF503007DFA01 /* 1.jpg in Resources */,
				B7A88B9F1CCCCF4700F2663B /* CarouselViewCell.xib in Resources */,
				B7A88B851CCCCDB400F2663B /* Main.storyboard in Resources */,
			);
			runOnlyForDeploymentPostprocessing = 0;
		};
/* End PBXResourcesBuildPhase section */

/* Begin PBXSourcesBuildPhase section */
		B7A88B731CCCCDB400F2663B /* Sources */ = {
			isa = PBXSourcesBuildPhase;
			buildActionMask = 2147483647;
			files = (
				B7057ACC1CCCF53B007DFA01 /* HJCarouselViewLayout.m in Sources */,
				B7A88B9E1CCCCF4700F2663B /* CarouselViewCell.m in Sources */,
				B7A88B971CCCCE1200F2663B /* MenuTableViewController.m in Sources */,
				B7A88B7F1CCCCDB400F2663B /* AppDelegate.m in Sources */,
				B7A88B9A1CCCCEA700F2663B /* CollectionViewController.m in Sources */,
				B7A88B7C1CCCCDB400F2663B /* main.m in Sources */,
			);
			runOnlyForDeploymentPostprocessing = 0;
		};
/* End PBXSourcesBuildPhase section */

/* Begin PBXVariantGroup section */
		B7A88B831CCCCDB400F2663B /* Main.storyboard */ = {
			isa = PBXVariantGroup;
			children = (
				B7A88B841CCCCDB400F2663B /* Base */,
			);
			name = Main.storyboard;
			sourceTree = "<group>";
		};
		B7A88B881CCCCDB400F2663B /* LaunchScreen.storyboard */ = {
			isa = PBXVariantGroup;
			children = (
				B7A88B891CCCCDB400F2663B /* Base */,
			);
			name = LaunchScreen.storyboard;
			sourceTree = "<group>";
		};
/* End PBXVariantGroup section */

/* Begin XCBuildConfiguration section */
		B7A88B8C1CCCCDB400F2663B /* Debug */ = {
			isa = XCBuildConfiguration;
			buildSettings = {
				ALWAYS_SEARCH_USER_PATHS = NO;
				CLANG_ANALYZER_NONNULL = YES;
				CLANG_CXX_LANGUAGE_STANDARD = "gnu++0x";
				CLANG_CXX_LIBRARY = "libc++";
				CLANG_ENABLE_MODULES = YES;
				CLANG_ENABLE_OBJC_ARC = YES;
				CLANG_WARN_BOOL_CONVERSION = YES;
				CLANG_WARN_CONSTANT_CONVERSION = YES;
				CLANG_WARN_DIRECT_OBJC_ISA_USAGE = YES_ERROR;
				CLANG_WARN_EMPTY_BODY = YES;
				CLANG_WARN_ENUM_CONVERSION = YES;
				CLANG_WARN_INT_CONVERSION = YES;
				CLANG_WARN_OBJC_ROOT_CLASS = YES_ERROR;
				CLANG_WARN_UNREACHABLE_CODE = YES;
				CLANG_WARN__DUPLICATE_METHOD_MATCH = YES;
				"CODE_SIGN_IDENTITY[sdk=iphoneos*]" = "iPhone Developer";
				COPY_PHASE_STRIP = NO;
				DEBUG_INFORMATION_FORMAT = dwarf;
				ENABLE_STRICT_OBJC_MSGSEND = YES;
				ENABLE_TESTABILITY = YES;
				GCC_C_LANGUAGE_STANDARD = gnu99;
				GCC_DYNAMIC_NO_PIC = NO;
				GCC_NO_COMMON_BLOCKS = YES;
				GCC_OPTIMIZATION_LEVEL = 0;
				GCC_PREPROCESSOR_DEFINITIONS = (
					"DEBUG=1",
					"$(inherited)",
				);
				GCC_WARN_64_TO_32_BIT_CONVERSION = YES;
				GCC_WARN_ABOUT_RETURN_TYPE = YES_ERROR;
				GCC_WARN_UNDECLARED_SELECTOR = YES;
				GCC_WARN_UNINITIALIZED_AUTOS = YES_AGGRESSIVE;
				GCC_WARN_UNUSED_FUNCTION = YES;
				GCC_WARN_UNUSED_VARIABLE = YES;
				IPHONEOS_DEPLOYMENT_TARGET = 9.3;
				MTL_ENABLE_DEBUG_INFO = YES;
				ONLY_ACTIVE_ARCH = YES;
				SDKROOT = iphoneos;
			};
			name = Debug;
		};
		B7A88B8D1CCCCDB400F2663B /* Release */ = {
			isa = XCBuildConfiguration;
			buildSettings = {
				ALWAYS_SEARCH_USER_PATHS = NO;
				CLANG_ANALYZER_NONNULL = YES;
				CLANG_CXX_LANGUAGE_STANDARD = "gnu++0x";
				CLANG_CXX_LIBRARY = "libc++";
				CLANG_ENABLE_MODULES = YES;
				CLANG_ENABLE_OBJC_ARC = YES;
				CLANG_WARN_BOOL_CONVERSION = YES;
				CLANG_WARN_CONSTANT_CONVERSION = YES;
				CLANG_WARN_DIRECT_OBJC_ISA_USAGE = YES_ERROR;
				CLANG_WARN_EMPTY_BODY = YES;
				CLANG_WARN_ENUM_CONVERSION = YES;
				CLANG_WARN_INT_CONVERSION = YES;
				CLANG_WARN_OBJC_ROOT_CLASS = YES_ERROR;
				CLANG_WARN_UNREACHABLE_CODE = YES;
				CLANG_WARN__DUPLICATE_METHOD_MATCH = YES;
				"CODE_SIGN_IDENTITY[sdk=iphoneos*]" = "iPhone Developer";
				COPY_PHASE_STRIP = NO;
				DEBUG_INFORMATION_FORMAT = "dwarf-with-dsym";
				ENABLE_NS_ASSERTIONS = NO;
				ENABLE_STRICT_OBJC_MSGSEND = YES;
				GCC_C_LANGUAGE_STANDARD = gnu99;
				GCC_NO_COMMON_BLOCKS = YES;
				GCC_WARN_64_TO_32_BIT_CONVERSION = YES;
				GCC_WARN_ABOUT_RETURN_TYPE = YES_ERROR;
				GCC_WARN_UNDECLARED_SELECTOR = YES;
				GCC_WARN_UNINITIALIZED_AUTOS = YES_AGGRESSIVE;
				GCC_WARN_UNUSED_FUNCTION = YES;
				GCC_WARN_UNUSED_VARIABLE = YES;
				IPHONEOS_DEPLOYMENT_TARGET = 9.3;
				MTL_ENABLE_DEBUG_INFO = NO;
				SDKROOT = iphoneos;
				VALIDATE_PRODUCT = YES;
			};
			name = Release;
		};
		B7A88B8F1CCCCDB400F2663B /* Debug */ = {
			isa = XCBuildConfiguration;
			buildSettings = {
				ASSETCATALOG_COMPILER_APPICON_NAME = AppIcon;
				INFOPLIST_FILE = CollectionViewCarousel/Info.plist;
				LD_RUNPATH_SEARCH_PATHS = "$(inherited) @executable_path/Frameworks";
				PRODUCT_BUNDLE_IDENTIFIER = QT.CollectionViewCarousel;
				PRODUCT_NAME = "$(TARGET_NAME)";
			};
			name = Debug;
		};
		B7A88B901CCCCDB400F2663B /* Release */ = {
			isa = XCBuildConfiguration;
			buildSettings = {
				ASSETCATALOG_COMPILER_APPICON_NAME = AppIcon;
				INFOPLIST_FILE = CollectionViewCarousel/Info.plist;
				LD_RUNPATH_SEARCH_PATHS = "$(inherited) @executable_path/Frameworks";
				PRODUCT_BUNDLE_IDENTIFIER = QT.CollectionViewCarousel;
				PRODUCT_NAME = "$(TARGET_NAME)";
			};
			name = Release;
		};
/* End XCBuildConfiguration section */

/* Begin XCConfigurationList section */
		B7A88B721CCCCDB400F2663B /* Build configuration list for PBXProject "CollectionViewCarousel" */ = {
			isa = XCConfigurationList;
			buildConfigurations = (
				B7A88B8C1CCCCDB400F2663B /* Debug */,
				B7A88B8D1CCCCDB400F2663B /* Release */,
			);
			defaultConfigurationIsVisible = 0;
			defaultConfigurationName = Release;
		};
		B7A88B8E1CCCCDB400F2663B /* Build configuration list for PBXNativeTarget "CollectionViewCarousel" */ = {
			isa = XCConfigurationList;
			buildConfigurations = (
				B7A88B8F1CCCCDB400F2663B /* Debug */,
				B7A88B901CCCCDB400F2663B /* Release */,
			);
			defaultConfigurationIsVisible = 0;
			defaultConfigurationName = Release;
		};
/* End XCConfigurationList section */
	};
	rootObject = B7A88B6F1CCCCDB400F2663B /* Project object */;
}
