// !$*UTF8*$!
{
	archiveVersion = 1;
	classes = {
	};
	objectVersion = 46;
	objects = {

/* Begin PBXBuildFile section */
		B7E106731CC742CD00A1F9EA /* main.m in Sources */ = {isa = PBXBuildFile; fileRef = B7E106721CC742CD00A1F9EA /* main.m */; };
		B7E106761CC742CD00A1F9EA /* AppDelegate.m in Sources */ = {isa = PBXBuildFile; fileRef = B7E106751CC742CD00A1F9EA /* AppDelegate.m */; };
		B7E106791CC742CD00A1F9EA /* ViewController.m in Sources */ = {isa = PBXBuildFile; fileRef = B7E106781CC742CD00A1F9EA /* ViewController.m */; };
		B7E1067C1CC742CD00A1F9EA /* Main.storyboard in Resources */ = {isa = PBXBuildFile; fileRef = B7E1067A1CC742CD00A1F9EA /* Main.storyboard */; };
		B7E1067E1CC742CD00A1F9EA /* Assets.xcassets in Resources */ = {isa = PBXBuildFile; fileRef = B7E1067D1CC742CD00A1F9EA /* Assets.xcassets */; };
		B7E106811CC742CD00A1F9EA /* LaunchScreen.storyboard in Resources */ = {isa = PBXBuildFile; fileRef = B7E1067F1CC742CD00A1F9EA /* LaunchScreen.storyboard */; };
		B7E1068A1CC7431800A1F9EA /* HeaderView.m in Sources */ = {isa = PBXBuildFile; fileRef = B7E106891CC7431800A1F9EA /* HeaderView.m */; };
		B7E106941CC7488C00A1F9EA /* 01.jpg in Resources */ = {isa = PBXBuildFile; fileRef = B7E1068C1CC7488C00A1F9EA /* 01.jpg */; };
		B7E106951CC7488C00A1F9EA /* 02.jpg in Resources */ = {isa = PBXBuildFile; fileRef = B7E1068D1CC7488C00A1F9EA /* 02.jpg */; };
		B7E106961CC7488C00A1F9EA /* 03.jpg in Resources */ = {isa = PBXBuildFile; fileRef = B7E1068E1CC7488C00A1F9EA /* 03.jpg */; };
		B7E106971CC7488C00A1F9EA /* 04.jpg in Resources */ = {isa = PBXBuildFile; fileRef = B7E1068F1CC7488C00A1F9EA /* 04.jpg */; };
		B7E106981CC7488C00A1F9EA /* 05.jpg in Resources */ = {isa = PBXBuildFile; fileRef = B7E106901CC7488C00A1F9EA /* 05.jpg */; };
		B7E106991CC7488C00A1F9EA /* 06.jpg in Resources */ = {isa = PBXBuildFile; fileRef = B7E106911CC7488C00A1F9EA /* 06.jpg */; };
		B7E1069A1CC7488C00A1F9EA /* 07.jpg in Resources */ = {isa = PBXBuildFile; fileRef = B7E106921CC7488C00A1F9EA /* 07.jpg */; };
		B7E1069B1CC7488C00A1F9EA /* 08.jpg in Resources */ = {isa = PBXBuildFile; fileRef = B7E106931CC7488C00A1F9EA /* 08.jpg */; };
/* End PBXBuildFile section */

/* Begin PBXFileReference section */
		B7E1066E1CC742CD00A1F9EA /* HeaderView.app */ = {isa = PBXFileReference; explicitFileType = wrapper.application; includeInIndex = 0; path = HeaderView.app; sourceTree = BUILT_PRODUCTS_DIR; };
		B7E106721CC742CD00A1F9EA /* main.m */ = {isa = PBXFileReference; lastKnownFileType = sourcecode.c.objc; path = main.m; sourceTree = "<group>"; };
		B7E106741CC742CD00A1F9EA /* AppDelegate.h */ = {isa = PBXFileReference; lastKnownFileType = sourcecode.c.h; path = AppDelegate.h; sourceTree = "<group>"; };
		B7E106751CC742CD00A1F9EA /* AppDelegate.m */ = {isa = PBXFileReference; lastKnownFileType = sourcecode.c.objc; path = AppDelegate.m; sourceTree = "<group>"; };
		B7E106771CC742CD00A1F9EA /* ViewController.h */ = {isa = PBXFileReference; lastKnownFileType = sourcecode.c.h; path = ViewController.h; sourceTree = "<group>"; };
		B7E106781CC742CD00A1F9EA /* ViewController.m */ = {isa = PBXFileReference; lastKnownFileType = sourcecode.c.objc; path = ViewController.m; sourceTree = "<group>"; };
		B7E1067B1CC742CD00A1F9EA /* Base */ = {isa = PBXFileReference; lastKnownFileType = file.storyboard; name = Base; path = Base.lproj/Main.storyboard; sourceTree = "<group>"; };
		B7E1067D1CC742CD00A1F9EA /* Assets.xcassets */ = {isa = PBXFileReference; lastKnownFileType = folder.assetcatalog; path = Assets.xcassets; sourceTree = "<group>"; };
		B7E106801CC742CD00A1F9EA /* Base */ = {isa = PBXFileReference; lastKnownFileType = file.storyboard; name = Base; path = Base.lproj/LaunchScreen.storyboard; sourceTree = "<group>"; };
		B7E106821CC742CD00A1F9EA /* Info.plist */ = {isa = PBXFileReference; lastKnownFileType = text.plist.xml; path = Info.plist; sourceTree = "<group>"; };
		B7E106881CC7431800A1F9EA /* HeaderView.h */ = {isa = PBXFileReference; fileEncoding = 4; lastKnownFileType = sourcecode.c.h; path = HeaderView.h; sourceTree = "<group>"; };
		B7E106891CC7431800A1F9EA /* HeaderView.m */ = {isa = PBXFileReference; fileEncoding = 4; lastKnownFileType = sourcecode.c.objc; path = HeaderView.m; sourceTree = "<group>"; };
		B7E1068C1CC7488C00A1F9EA /* 01.jpg */ = {isa = PBXFileReference; lastKnownFileType = image.jpeg; path = 01.jpg; sourceTree = "<group>"; };
		B7E1068D1CC7488C00A1F9EA /* 02.jpg */ = {isa = PBXFileReference; lastKnownFileType = image.jpeg; path = 02.jpg; sourceTree = "<group>"; };
		B7E1068E1CC7488C00A1F9EA /* 03.jpg */ = {isa = PBXFileReference; lastKnownFileType = image.jpeg; path = 03.jpg; sourceTree = "<group>"; };
		B7E1068F1CC7488C00A1F9EA /* 04.jpg */ = {isa = PBXFileReference; lastKnownFileType = image.jpeg; path = 04.jpg; sourceTree = "<group>"; };
		B7E106901CC7488C00A1F9EA /* 05.jpg */ = {isa = PBXFileReference; lastKnownFileType = image.jpeg; path = 05.jpg; sourceTree = "<group>"; };
		B7E106911CC7488C00A1F9EA /* 06.jpg */ = {isa = PBXFileReference; lastKnownFileType = image.jpeg; path = 06.jpg; sourceTree = "<group>"; };
		B7E106921CC7488C00A1F9EA /* 07.jpg */ = {isa = PBXFileReference; lastKnownFileType = image.jpeg; path = 07.jpg; sourceTree = "<group>"; };
		B7E106931CC7488C00A1F9EA /* 08.jpg */ = {isa = PBXFileReference; lastKnownFileType = image.jpeg; path = 08.jpg; sourceTree = "<group>"; };
/* End PBXFileReference section */

/* Begin PBXFrameworksBuildPhase section */
		B7E1066B1CC742CD00A1F9EA /* Frameworks */ = {
			isa = PBXFrameworksBuildPhase;
			buildActionMask = 2147483647;
			files = (
			);
			runOnlyForDeploymentPostprocessing = 0;
		};
/* End PBXFrameworksBuildPhase section */

/* Begin PBXGroup section */
		B7E106651CC742CD00A1F9EA = {
			isa = PBXGroup;
			children = (
				B7E106701CC742CD00A1F9EA /* HeaderView */,
				B7E1066F1CC742CD00A1F9EA /* Products */,
			);
			sourceTree = "<group>";
		};
		B7E1066F1CC742CD00A1F9EA /* Products */ = {
			isa = PBXGroup;
			children = (
				B7E1066E1CC742CD00A1F9EA /* HeaderView.app */,
			);
			name = Products;
			sourceTree = "<group>";
		};
		B7E106701CC742CD00A1F9EA /* HeaderView */ = {
			isa = PBXGroup;
			children = (
				B7E1068B1CC7488C00A1F9EA /* images */,
				B7E106741CC742CD00A1F9EA /* AppDelegate.h */,
				B7E106751CC742CD00A1F9EA /* AppDelegate.m */,
				B7E106771CC742CD00A1F9EA /* ViewController.h */,
				B7E106781CC742CD00A1F9EA /* ViewController.m */,
				B7E106881CC7431800A1F9EA /* HeaderView.h */,
				B7E106891CC7431800A1F9EA /* HeaderView.m */,
				B7E1067A1CC742CD00A1F9EA /* Main.storyboard */,
				B7E1067D1CC742CD00A1F9EA /* Assets.xcassets */,
				B7E1067F1CC742CD00A1F9EA /* LaunchScreen.storyboard */,
				B7E106821CC742CD00A1F9EA /* Info.plist */,
				B7E106711CC742CD00A1F9EA /* Supporting Files */,
			);
			path = HeaderView;
			sourceTree = "<group>";
		};
		B7E106711CC742CD00A1F9EA /* Supporting Files */ = {
			isa = PBXGroup;
			children = (
				B7E106721CC742CD00A1F9EA /* main.m */,
			);
			name = "Supporting Files";
			sourceTree = "<group>";
		};
		B7E1068B1CC7488C00A1F9EA /* images */ = {
			isa = PBXGroup;
			children = (
				B7E1068C1CC7488C00A1F9EA /* 01.jpg */,
				B7E1068D1CC7488C00A1F9EA /* 02.jpg */,
				B7E1068E1CC7488C00A1F9EA /* 03.jpg */,
				B7E1068F1CC7488C00A1F9EA /* 04.jpg */,
				B7E106901CC7488C00A1F9EA /* 05.jpg */,
				B7E106911CC7488C00A1F9EA /* 06.jpg */,
				B7E106921CC7488C00A1F9EA /* 07.jpg */,
				B7E106931CC7488C00A1F9EA /* 08.jpg */,
			);
			path = images;
			sourceTree = "<group>";
		};
/* End PBXGroup section */

/* Begin PBXNativeTarget section */
		B7E1066D1CC742CD00A1F9EA /* HeaderView */ = {
			isa = PBXNativeTarget;
			buildConfigurationList = B7E106851CC742CD00A1F9EA /* Build configuration list for PBXNativeTarget "HeaderView" */;
			buildPhases = (
				B7E1066A1CC742CD00A1F9EA /* Sources */,
				B7E1066B1CC742CD00A1F9EA /* Frameworks */,
				B7E1066C1CC742CD00A1F9EA /* Resources */,
			);
			buildRules = (
			);
			dependencies = (
			);
			name = HeaderView;
			productName = HeaderView;
			productReference = B7E1066E1CC742CD00A1F9EA /* HeaderView.app */;
			productType = "com.apple.product-type.application";
		};
/* End PBXNativeTarget section */

/* Begin PBXProject section */
		B7E106661CC742CD00A1F9EA /* Project object */ = {
			isa = PBXProject;
			attributes = {
				LastUpgradeCheck = 0730;
				ORGANIZATIONNAME = Qinting;
				TargetAttributes = {
					B7E1066D1CC742CD00A1F9EA = {
						CreatedOnToolsVersion = 7.3;
						DevelopmentTeam = CW23JJ23BD;
					};
				};
			};
			buildConfigurationList = B7E106691CC742CD00A1F9EA /* Build configuration list for PBXProject "HeaderView" */;
			compatibilityVersion = "Xcode 3.2";
			developmentRegion = English;
			hasScannedForEncodings = 0;
			knownRegions = (
				en,
				Base,
			);
			mainGroup = B7E106651CC742CD00A1F9EA;
			productRefGroup = B7E1066F1CC742CD00A1F9EA /* Products */;
			projectDirPath = "";
			projectRoot = "";
			targets = (
				B7E1066D1CC742CD00A1F9EA /* HeaderView */,
			);
		};
/* End PBXProject section */

/* Begin PBXResourcesBuildPhase section */
		B7E1066C1CC742CD00A1F9EA /* Resources */ = {
			isa = PBXResourcesBuildPhase;
			buildActionMask = 2147483647;
			files = (
				B7E1069A1CC7488C00A1F9EA /* 07.jpg in Resources */,
				B7E106961CC7488C00A1F9EA /* 03.jpg in Resources */,
				B7E1069B1CC7488C00A1F9EA /* 08.jpg in Resources */,
				B7E106951CC7488C00A1F9EA /* 02.jpg in Resources */,
				B7E106981CC7488C00A1F9EA /* 05.jpg in Resources */,
				B7E106991CC7488C00A1F9EA /* 06.jpg in Resources */,
				B7E106811CC742CD00A1F9EA /* LaunchScreen.storyboard in Resources */,
				B7E1067E1CC742CD00A1F9EA /* Assets.xcassets in Resources */,
				B7E106971CC7488C00A1F9EA /* 04.jpg in Resources */,
				B7E106941CC7488C00A1F9EA /* 01.jpg in Resources */,
				B7E1067C1CC742CD00A1F9EA /* Main.storyboard in Resources */,
			);
			runOnlyForDeploymentPostprocessing = 0;
		};
/* End PBXResourcesBuildPhase section */

/* Begin PBXSourcesBuildPhase section */
		B7E1066A1CC742CD00A1F9EA /* Sources */ = {
			isa = PBXSourcesBuildPhase;
			buildActionMask = 2147483647;
			files = (
				B7E106791CC742CD00A1F9EA /* ViewController.m in Sources */,
				B7E106761CC742CD00A1F9EA /* AppDelegate.m in Sources */,
				B7E106731CC742CD00A1F9EA /* main.m in Sources */,
				B7E1068A1CC7431800A1F9EA /* HeaderView.m in Sources */,
			);
			runOnlyForDeploymentPostprocessing = 0;
		};
/* End PBXSourcesBuildPhase section */

/* Begin PBXVariantGroup section */
		B7E1067A1CC742CD00A1F9EA /* Main.storyboard */ = {
			isa = PBXVariantGroup;
			children = (
				B7E1067B1CC742CD00A1F9EA /* Base */,
			);
			name = Main.storyboard;
			sourceTree = "<group>";
		};
		B7E1067F1CC742CD00A1F9EA /* LaunchScreen.storyboard */ = {
			isa = PBXVariantGroup;
			children = (
				B7E106801CC742CD00A1F9EA /* Base */,
			);
			name = LaunchScreen.storyboard;
			sourceTree = "<group>";
		};
/* End PBXVariantGroup section */

/* Begin XCBuildConfiguration section */
		B7E106831CC742CD00A1F9EA /* Debug */ = {
			isa = XCBuildConfiguration;
			buildSettings = {
				ALWAYS_SEARCH_USER_PATHS = NO;
				CLANG_ANALYZER_NONNULL = YES;
				CLANG_CXX_LANGUAGE_STANDARD = "gnu++0x";
				CLANG_CXX_LIBRARY = "libc++";
				CLANG_ENABLE_MODULES = YES;
				CLANG_ENABLE_OBJC_ARC = YES;
				CLANG_WARN_BOOL_CONVERSION = YES;
				CLANG_WARN_CONSTANT_CONVERSION = YES;
				CLANG_WARN_DIRECT_OBJC_ISA_USAGE = YES_ERROR;
				CLANG_WARN_EMPTY_BODY = YES;
				CLANG_WARN_ENUM_CONVERSION = YES;
				CLANG_WARN_INT_CONVERSION = YES;
				CLANG_WARN_OBJC_ROOT_CLASS = YES_ERROR;
				CLANG_WARN_UNREACHABLE_CODE = YES;
				CLANG_WARN__DUPLICATE_METHOD_MATCH = YES;
				"CODE_SIGN_IDENTITY[sdk=iphoneos*]" = "iPhone Developer";
				COPY_PHASE_STRIP = NO;
				DEBUG_INFORMATION_FORMAT = dwarf;
				ENABLE_STRICT_OBJC_MSGSEND = YES;
				ENABLE_TESTABILITY = YES;
				GCC_C_LANGUAGE_STANDARD = gnu99;
				GCC_DYNAMIC_NO_PIC = NO;
				GCC_NO_COMMON_BLOCKS = YES;
				GCC_OPTIMIZATION_LEVEL = 0;
				GCC_PREPROCESSOR_DEFINITIONS = (
					"DEBUG=1",
					"$(inherited)",
				);
				GCC_WARN_64_TO_32_BIT_CONVERSION = YES;
				GCC_WARN_ABOUT_RETURN_TYPE = YES_ERROR;
				GCC_WARN_UNDECLARED_SELECTOR = YES;
				GCC_WARN_UNINITIALIZED_AUTOS = YES_AGGRESSIVE;
				GCC_WARN_UNUSED_FUNCTION = YES;
				GCC_WARN_UNUSED_VARIABLE = YES;
				IPHONEOS_DEPLOYMENT_TARGET = 9.3;
				MTL_ENABLE_DEBUG_INFO = YES;
				ONLY_ACTIVE_ARCH = YES;
				SDKROOT = iphoneos;
			};
			name = Debug;
		};
		B7E106841CC742CD00A1F9EA /* Release */ = {
			isa = XCBuildConfiguration;
			buildSettings = {
				ALWAYS_SEARCH_USER_PATHS = NO;
				CLANG_ANALYZER_NONNULL = YES;
				CLANG_CXX_LANGUAGE_STANDARD = "gnu++0x";
				CLANG_CXX_LIBRARY = "libc++";
				CLANG_ENABLE_MODULES = YES;
				CLANG_ENABLE_OBJC_ARC = YES;
				CLANG_WARN_BOOL_CONVERSION = YES;
				CLANG_WARN_CONSTANT_CONVERSION = YES;
				CLANG_WARN_DIRECT_OBJC_ISA_USAGE = YES_ERROR;
				CLANG_WARN_EMPTY_BODY = YES;
				CLANG_WARN_ENUM_CONVERSION = YES;
				CLANG_WARN_INT_CONVERSION = YES;
				CLANG_WARN_OBJC_ROOT_CLASS = YES_ERROR;
				CLANG_WARN_UNREACHABLE_CODE = YES;
				CLANG_WARN__DUPLICATE_METHOD_MATCH = YES;
				"CODE_SIGN_IDENTITY[sdk=iphoneos*]" = "iPhone Developer";
				COPY_PHASE_STRIP = NO;
				DEBUG_INFORMATION_FORMAT = "dwarf-with-dsym";
				ENABLE_NS_ASSERTIONS = NO;
				ENABLE_STRICT_OBJC_MSGSEND = YES;
				GCC_C_LANGUAGE_STANDARD = gnu99;
				GCC_NO_COMMON_BLOCKS = YES;
				GCC_WARN_64_TO_32_BIT_CONVERSION = YES;
				GCC_WARN_ABOUT_RETURN_TYPE = YES_ERROR;
				GCC_WARN_UNDECLARED_SELECTOR = YES;
				GCC_WARN_UNINITIALIZED_AUTOS = YES_AGGRESSIVE;
				GCC_WARN_UNUSED_FUNCTION = YES;
				GCC_WARN_UNUSED_VARIABLE = YES;
				IPHONEOS_DEPLOYMENT_TARGET = 9.3;
				MTL_ENABLE_DEBUG_INFO = NO;
				SDKROOT = iphoneos;
				VALIDATE_PRODUCT = YES;
			};
			name = Release;
		};
		B7E106861CC742CD00A1F9EA /* Debug */ = {
			isa = XCBuildConfiguration;
			buildSettings = {
				ASSETCATALOG_COMPILER_APPICON_NAME = AppIcon;
				INFOPLIST_FILE = HeaderView/Info.plist;
				IPHONEOS_DEPLOYMENT_TARGET = 9.1;
				LD_RUNPATH_SEARCH_PATHS = "$(inherited) @executable_path/Frameworks";
				PRODUCT_BUNDLE_IDENTIFIER = QT.HeaderView;
				PRODUCT_NAME = "$(TARGET_NAME)";
			};
			name = Debug;
		};
		B7E106871CC742CD00A1F9EA /* Release */ = {
			isa = XCBuildConfiguration;
			buildSettings = {
				ASSETCATALOG_COMPILER_APPICON_NAME = AppIcon;
				INFOPLIST_FILE = HeaderView/Info.plist;
				IPHONEOS_DEPLOYMENT_TARGET = 9.1;
				LD_RUNPATH_SEARCH_PATHS = "$(inherited) @executable_path/Frameworks";
				PRODUCT_BUNDLE_IDENTIFIER = QT.HeaderView;
				PRODUCT_NAME = "$(TARGET_NAME)";
			};
			name = Release;
		};
/* End XCBuildConfiguration section */

/* Begin XCConfigurationList section */
		B7E106691CC742CD00A1F9EA /* Build configuration list for PBXProject "HeaderView" */ = {
			isa = XCConfigurationList;
			buildConfigurations = (
				B7E106831CC742CD00A1F9EA /* Debug */,
				B7E106841CC742CD00A1F9EA /* Release */,
			);
			defaultConfigurationIsVisible = 0;
			defaultConfigurationName = Release;
		};
		B7E106851CC742CD00A1F9EA /* Build configuration list for PBXNativeTarget "HeaderView" */ = {
			isa = XCConfigurationList;
			buildConfigurations = (
				B7E106861CC742CD00A1F9EA /* Debug */,
				B7E106871CC742CD00A1F9EA /* Release */,
			);
			defaultConfigurationIsVisible = 0;
			defaultConfigurationName = Release;
		};
/* End XCConfigurationList section */
	};
	rootObject = B7E106661CC742CD00A1F9EA /* Project object */;
}
